// !$*UTF8*$!
{
	archiveVersion = 1;
	classes = {
	};
	objectVersion = 51;
	objects = {

/* Begin PBXBuildFile section */
		89BF731729C7BA2500A91373 /* ScanData.swift in Sources */ = {isa = PBXBuildFile; fileRef = 89BF731629C7BA2500A91373 /* ScanData.swift */; };
		89BF731929C7BA3C00A91373 /* ScannerView.swift in Sources */ = {isa = PBXBuildFile; fileRef = 89BF731829C7BA3C00A91373 /* ScannerView.swift */; };
		89BF731B29C7BA6200A91373 /* TextCV.swift in Sources */ = {isa = PBXBuildFile; fileRef = 89BF731A29C7BA6200A91373 /* TextCV.swift */; };
		AB1D3B1C22D9CDEF00D0AEA6 /* HomeList.swift in Sources */ = {isa = PBXBuildFile; fileRef = AB1D3B1B22D9CDEF00D0AEA6 /* HomeList.swift */; };
		AB62172722D870540039BC73 /* Home.swift in Sources */ = {isa = PBXBuildFile; fileRef = AB62172622D870540039BC73 /* Home.swift */; };
		ABB215DC22DB353800424B38 /* BlurView.swift in Sources */ = {isa = PBXBuildFile; fileRef = ABB215DB22DB353800424B38 /* BlurView.swift */; };
		ABB215DE22DB713300424B38 /* UpdateList.swift in Sources */ = {isa = PBXBuildFile; fileRef = ABB215DD22DB713300424B38 /* UpdateList.swift */; };
		ABB215E022DB7F4700424B38 /* UpdateDetail.swift in Sources */ = {isa = PBXBuildFile; fileRef = ABB215DF22DB7F4700424B38 /* UpdateDetail.swift */; };
		ABB215E222DC472900424B38 /* UpdateStore.swift in Sources */ = {isa = PBXBuildFile; fileRef = ABB215E122DC472900424B38 /* UpdateStore.swift */; };
		ABB215E422DC7D0000424B38 /* TabBar.swift in Sources */ = {isa = PBXBuildFile; fileRef = ABB215E322DC7D0000424B38 /* TabBar.swift */; };
		ABB215E622DC808A00424B38 /* Settings.swift in Sources */ = {isa = PBXBuildFile; fileRef = ABB215E522DC808A00424B38 /* Settings.swift */; };
		ABB215E822DC8ABD00424B38 /* CertificateRow.swift in Sources */ = {isa = PBXBuildFile; fileRef = ABB215E722DC8ABD00424B38 /* CertificateRow.swift */; };
		ABE07CBF22D74F5700D209BE /* AppDelegate.swift in Sources */ = {isa = PBXBuildFile; fileRef = ABE07CBE22D74F5700D209BE /* AppDelegate.swift */; };
		ABE07CC122D74F5700D209BE /* SceneDelegate.swift in Sources */ = {isa = PBXBuildFile; fileRef = ABE07CC022D74F5700D209BE /* SceneDelegate.swift */; };
		ABE07CC322D74F5700D209BE /* ContentView.swift in Sources */ = {isa = PBXBuildFile; fileRef = ABE07CC222D74F5700D209BE /* ContentView.swift */; };
		ABE07CC522D74F5900D209BE /* Assets.xcassets in Resources */ = {isa = PBXBuildFile; fileRef = ABE07CC422D74F5900D209BE /* Assets.xcassets */; };
		ABE07CC822D74F5900D209BE /* Preview Assets.xcassets in Resources */ = {isa = PBXBuildFile; fileRef = ABE07CC722D74F5900D209BE /* Preview Assets.xcassets */; };
		BEFF394929C7B87E0075D833 /* NetworkManager.swift in Sources */ = {isa = PBXBuildFile; fileRef = BEFF394829C7B87E0075D833 /* NetworkManager.swift */; };
		BEFF394B29C7B8B10075D833 /* NetworkTesting.swift in Sources */ = {isa = PBXBuildFile; fileRef = BEFF394A29C7B8B10075D833 /* NetworkTesting.swift */; };
		BEFF394D29C7B8D60075D833 /* UserModal.swift in Sources */ = {isa = PBXBuildFile; fileRef = BEFF394C29C7B8D60075D833 /* UserModal.swift */; };
		BEFF394F29C7B9E30075D833 /* TestQuestion.swift in Sources */ = {isa = PBXBuildFile; fileRef = BEFF394E29C7B9E30075D833 /* TestQuestion.swift */; };
		F1135B7129C76B0200902784 /* TopicList.swift in Sources */ = {isa = PBXBuildFile; fileRef = F1135B7029C76B0200902784 /* TopicList.swift */; };
		F14BF9CF29EAF6010043808B /* Pods_trivai.framework in Frameworks */ = {isa = PBXBuildFile; fileRef = B64EF59EBC28A11317F778C9 /* Pods_trivai.framework */; settings = {ATTRIBUTES = (Weak, ); }; };
		F186426C29D9C1EB00C6BDCA /* UserInfo.swift in Sources */ = {isa = PBXBuildFile; fileRef = F186426B29D9C1EA00C6BDCA /* UserInfo.swift */; };
		F815541729F6159300372AC8 /* LoadingView.swift in Sources */ = {isa = PBXBuildFile; fileRef = F815541629F6159300372AC8 /* LoadingView.swift */; };
		F815541929F63E7C00372AC8 /* Question1.swift in Sources */ = {isa = PBXBuildFile; fileRef = F815541829F63E7C00372AC8 /* Question1.swift */; };
		F86FD27829B405B800C95660 /* CustomButton.swift in Sources */ = {isa = PBXBuildFile; fileRef = F86FD27729B405B800C95660 /* CustomButton.swift */; };
		F86FD27A29B405C800C95660 /* ScoreCardView.swift in Sources */ = {isa = PBXBuildFile; fileRef = F86FD27929B405C800C95660 /* ScoreCardView.swift */; };
		F86FD27C29B405DC00C95660 /* Info.swift in Sources */ = {isa = PBXBuildFile; fileRef = F86FD27B29B405DC00C95660 /* Info.swift */; };
		F86FD28129B4064F00C95660 /* CardView.swift in Sources */ = {isa = PBXBuildFile; fileRef = F86FD28029B4064F00C95660 /* CardView.swift */; };
		F86FD28329B4067200C95660 /* QuestionView.swift in Sources */ = {isa = PBXBuildFile; fileRef = F86FD28229B4067200C95660 /* QuestionView.swift */; };
		F86FD28629B40D2F00C95660 /* Assets.xcassets in Resources */ = {isa = PBXBuildFile; fileRef = F86FD28529B40D2F00C95660 /* Assets.xcassets */; };
/* End PBXBuildFile section */

/* Begin PBXCopyFilesBuildPhase section */
		F14BF9D129EAF6010043808B /* Embed Frameworks */ = {
			isa = PBXCopyFilesBuildPhase;
			buildActionMask = 2147483647;
			dstPath = "";
			dstSubfolderSpec = 10;
			files = (
			);
			name = "Embed Frameworks";
			runOnlyForDeploymentPostprocessing = 0;
		};
/* End PBXCopyFilesBuildPhase section */

/* Begin PBXFileReference section */
		0CB402B2C9F34AD6FDF6BEBC /* Pods-trivai.release.xcconfig */ = {isa = PBXFileReference; includeInIndex = 1; lastKnownFileType = text.xcconfig; name = "Pods-trivai.release.xcconfig"; path = "Target Support Files/Pods-trivai/Pods-trivai.release.xcconfig"; sourceTree = "<group>"; };
		89BF731629C7BA2500A91373 /* ScanData.swift */ = {isa = PBXFileReference; lastKnownFileType = sourcecode.swift; path = ScanData.swift; sourceTree = "<group>"; };
		89BF731829C7BA3C00A91373 /* ScannerView.swift */ = {isa = PBXFileReference; lastKnownFileType = sourcecode.swift; path = ScannerView.swift; sourceTree = "<group>"; };
		89BF731A29C7BA6200A91373 /* TextCV.swift */ = {isa = PBXFileReference; lastKnownFileType = sourcecode.swift; path = TextCV.swift; sourceTree = "<group>"; };
		AB1D3B1B22D9CDEF00D0AEA6 /* HomeList.swift */ = {isa = PBXFileReference; lastKnownFileType = sourcecode.swift; path = HomeList.swift; sourceTree = "<group>"; };
		AB62172622D870540039BC73 /* Home.swift */ = {isa = PBXFileReference; lastKnownFileType = sourcecode.swift; path = Home.swift; sourceTree = "<group>"; };
		ABB215DB22DB353800424B38 /* BlurView.swift */ = {isa = PBXFileReference; lastKnownFileType = sourcecode.swift; path = BlurView.swift; sourceTree = "<group>"; };
		ABB215DD22DB713300424B38 /* UpdateList.swift */ = {isa = PBXFileReference; lastKnownFileType = sourcecode.swift; path = UpdateList.swift; sourceTree = "<group>"; };
		ABB215DF22DB7F4700424B38 /* UpdateDetail.swift */ = {isa = PBXFileReference; lastKnownFileType = sourcecode.swift; path = UpdateDetail.swift; sourceTree = "<group>"; };
		ABB215E122DC472900424B38 /* UpdateStore.swift */ = {isa = PBXFileReference; lastKnownFileType = sourcecode.swift; path = UpdateStore.swift; sourceTree = "<group>"; };
		ABB215E322DC7D0000424B38 /* TabBar.swift */ = {isa = PBXFileReference; lastKnownFileType = sourcecode.swift; path = TabBar.swift; sourceTree = "<group>"; };
		ABB215E522DC808A00424B38 /* Settings.swift */ = {isa = PBXFileReference; lastKnownFileType = sourcecode.swift; path = Settings.swift; sourceTree = "<group>"; };
		ABB215E722DC8ABD00424B38 /* CertificateRow.swift */ = {isa = PBXFileReference; lastKnownFileType = sourcecode.swift; path = CertificateRow.swift; sourceTree = "<group>"; };
		ABE07CBB22D74F5700D209BE /* TrivAI.app */ = {isa = PBXFileReference; explicitFileType = wrapper.application; includeInIndex = 0; path = TrivAI.app; sourceTree = BUILT_PRODUCTS_DIR; };
		ABE07CBE22D74F5700D209BE /* AppDelegate.swift */ = {isa = PBXFileReference; lastKnownFileType = sourcecode.swift; path = AppDelegate.swift; sourceTree = "<group>"; };
		ABE07CC022D74F5700D209BE /* SceneDelegate.swift */ = {isa = PBXFileReference; lastKnownFileType = sourcecode.swift; path = SceneDelegate.swift; sourceTree = "<group>"; };
		ABE07CC222D74F5700D209BE /* ContentView.swift */ = {isa = PBXFileReference; lastKnownFileType = sourcecode.swift; path = ContentView.swift; sourceTree = "<group>"; };
		ABE07CC422D74F5900D209BE /* Assets.xcassets */ = {isa = PBXFileReference; lastKnownFileType = folder.assetcatalog; path = Assets.xcassets; sourceTree = "<group>"; };
		ABE07CC722D74F5900D209BE /* Preview Assets.xcassets */ = {isa = PBXFileReference; lastKnownFileType = folder.assetcatalog; path = "Preview Assets.xcassets"; sourceTree = "<group>"; };
		ABE07CCA22D74F5900D209BE /* Base */ = {isa = PBXFileReference; lastKnownFileType = file.storyboard; name = Base; path = Base.lproj/LaunchScreen.storyboard; sourceTree = "<group>"; };
		ABE07CCC22D74F5900D209BE /* Info.plist */ = {isa = PBXFileReference; lastKnownFileType = text.plist.xml; path = Info.plist; sourceTree = "<group>"; };
		B64EF59EBC28A11317F778C9 /* Pods_trivai.framework */ = {isa = PBXFileReference; explicitFileType = wrapper.framework; includeInIndex = 0; path = Pods_trivai.framework; sourceTree = BUILT_PRODUCTS_DIR; };
		BEFF394829C7B87E0075D833 /* NetworkManager.swift */ = {isa = PBXFileReference; lastKnownFileType = sourcecode.swift; path = NetworkManager.swift; sourceTree = "<group>"; };
		BEFF394A29C7B8B10075D833 /* NetworkTesting.swift */ = {isa = PBXFileReference; lastKnownFileType = sourcecode.swift; path = NetworkTesting.swift; sourceTree = "<group>"; };
		BEFF394C29C7B8D60075D833 /* UserModal.swift */ = {isa = PBXFileReference; lastKnownFileType = sourcecode.swift; path = UserModal.swift; sourceTree = "<group>"; };
		BEFF394E29C7B9E30075D833 /* TestQuestion.swift */ = {isa = PBXFileReference; lastKnownFileType = sourcecode.swift; path = TestQuestion.swift; sourceTree = "<group>"; };
		C19E717C64A04EA422DA5784 /* Pods-trivai.debug.xcconfig */ = {isa = PBXFileReference; includeInIndex = 1; lastKnownFileType = text.xcconfig; name = "Pods-trivai.debug.xcconfig"; path = "Target Support Files/Pods-trivai/Pods-trivai.debug.xcconfig"; sourceTree = "<group>"; };
		F1135B7029C76B0200902784 /* TopicList.swift */ = {isa = PBXFileReference; lastKnownFileType = sourcecode.swift; path = TopicList.swift; sourceTree = "<group>"; };
		F186426B29D9C1EA00C6BDCA /* UserInfo.swift */ = {isa = PBXFileReference; lastKnownFileType = sourcecode.swift; path = UserInfo.swift; sourceTree = "<group>"; };
		F815541629F6159300372AC8 /* LoadingView.swift */ = {isa = PBXFileReference; lastKnownFileType = sourcecode.swift; path = LoadingView.swift; sourceTree = "<group>"; };
		F815541829F63E7C00372AC8 /* Question1.swift */ = {isa = PBXFileReference; fileEncoding = 4; lastKnownFileType = sourcecode.swift; path = Question1.swift; sourceTree = "<group>"; };
		F86FD27729B405B800C95660 /* CustomButton.swift */ = {isa = PBXFileReference; fileEncoding = 4; lastKnownFileType = sourcecode.swift; path = CustomButton.swift; sourceTree = "<group>"; };
		F86FD27929B405C800C95660 /* ScoreCardView.swift */ = {isa = PBXFileReference; fileEncoding = 4; lastKnownFileType = sourcecode.swift; path = ScoreCardView.swift; sourceTree = "<group>"; };
		F86FD27B29B405DC00C95660 /* Info.swift */ = {isa = PBXFileReference; fileEncoding = 4; lastKnownFileType = sourcecode.swift; path = Info.swift; sourceTree = "<group>"; };
		F86FD28029B4064F00C95660 /* CardView.swift */ = {isa = PBXFileReference; fileEncoding = 4; lastKnownFileType = sourcecode.swift; path = CardView.swift; sourceTree = "<group>"; };
		F86FD28229B4067200C95660 /* QuestionView.swift */ = {isa = PBXFileReference; fileEncoding = 4; lastKnownFileType = sourcecode.swift; path = QuestionView.swift; sourceTree = "<group>"; };
		F86FD28529B40D2F00C95660 /* Assets.xcassets */ = {isa = PBXFileReference; lastKnownFileType = folder.assetcatalog; path = Assets.xcassets; sourceTree = "<group>"; };
/* End PBXFileReference section */

/* Begin PBXFrameworksBuildPhase section */
		ABE07CB822D74F5700D209BE /* Frameworks */ = {
			isa = PBXFrameworksBuildPhase;
			buildActionMask = 2147483647;
			files = (
				F14BF9CF29EAF6010043808B /* Pods_trivai.framework in Frameworks */,
			);
			runOnlyForDeploymentPostprocessing = 0;
		};
/* End PBXFrameworksBuildPhase section */

/* Begin PBXGroup section */
		4621E7525CCF0D0FCB47498F /* Frameworks */ = {
			isa = PBXGroup;
			children = (
				B64EF59EBC28A11317F778C9 /* Pods_trivai.framework */,
			);
			name = Frameworks;
			sourceTree = "<group>";
		};
		ABE07CB222D74F5700D209BE = {
			isa = PBXGroup;
			children = (
				ABE07CBD22D74F5700D209BE /* trivai */,
				ABE07CBC22D74F5700D209BE /* Products */,
				E375D72C51188F15684B1140 /* Pods */,
				4621E7525CCF0D0FCB47498F /* Frameworks */,
			);
			sourceTree = "<group>";
		};
		ABE07CBC22D74F5700D209BE /* Products */ = {
			isa = PBXGroup;
			children = (
				ABE07CBB22D74F5700D209BE /* TrivAI.app */,
			);
			name = Products;
			sourceTree = "<group>";
		};
		ABE07CBD22D74F5700D209BE /* trivai */ = {
			isa = PBXGroup;
			children = (
				BEFF394729C7B8680075D833 /* Networking */,
				F86FD28429B4072800C95660 /* main */,
				F86FD27F29B405FC00C95660 /* quiz */,
				ABE07CC422D74F5900D209BE /* Assets.xcassets */,
				ABE07CC922D74F5900D209BE /* LaunchScreen.storyboard */,
				ABE07CCC22D74F5900D209BE /* Info.plist */,
				ABE07CC622D74F5900D209BE /* Preview Content */,
			);
			path = trivai;
			sourceTree = "<group>";
		};
		ABE07CC622D74F5900D209BE /* Preview Content */ = {
			isa = PBXGroup;
			children = (
				ABE07CC722D74F5900D209BE /* Preview Assets.xcassets */,
			);
			path = "Preview Content";
			sourceTree = "<group>";
		};
		BEFF394729C7B8680075D833 /* Networking */ = {
			isa = PBXGroup;
			children = (
				BEFF394829C7B87E0075D833 /* NetworkManager.swift */,
				BEFF394A29C7B8B10075D833 /* NetworkTesting.swift */,
				BEFF394C29C7B8D60075D833 /* UserModal.swift */,
				BEFF394E29C7B9E30075D833 /* TestQuestion.swift */,
			);
			path = Networking;
			sourceTree = "<group>";
		};
		E375D72C51188F15684B1140 /* Pods */ = {
			isa = PBXGroup;
			children = (
				C19E717C64A04EA422DA5784 /* Pods-trivai.debug.xcconfig */,
				0CB402B2C9F34AD6FDF6BEBC /* Pods-trivai.release.xcconfig */,
			);
			path = Pods;
			sourceTree = "<group>";
		};
		F86FD27F29B405FC00C95660 /* quiz */ = {
			isa = PBXGroup;
			children = (
				F86FD28529B40D2F00C95660 /* Assets.xcassets */,
				F86FD27B29B405DC00C95660 /* Info.swift */,
				F815541829F63E7C00372AC8 /* Question1.swift */,
				F86FD27929B405C800C95660 /* ScoreCardView.swift */,
				F86FD28029B4064F00C95660 /* CardView.swift */,
				F86FD28229B4067200C95660 /* QuestionView.swift */,
				F86FD27729B405B800C95660 /* CustomButton.swift */,
			);
			path = quiz;
			sourceTree = "<group>";
		};
		F86FD28429B4072800C95660 /* main */ = {
			isa = PBXGroup;
			children = (
				ABE07CBE22D74F5700D209BE /* AppDelegate.swift */,
				ABE07CC022D74F5700D209BE /* SceneDelegate.swift */,
				ABB215E322DC7D0000424B38 /* TabBar.swift */,
				ABE07CC222D74F5700D209BE /* ContentView.swift */,
				AB62172622D870540039BC73 /* Home.swift */,
				AB1D3B1B22D9CDEF00D0AEA6 /* HomeList.swift */,
				ABB215DD22DB713300424B38 /* UpdateList.swift */,
				F186426B29D9C1EA00C6BDCA /* UserInfo.swift */,
				89BF731629C7BA2500A91373 /* ScanData.swift */,
				F1135B7029C76B0200902784 /* TopicList.swift */,
				ABB215DF22DB7F4700424B38 /* UpdateDetail.swift */,
				89BF731829C7BA3C00A91373 /* ScannerView.swift */,
				89BF731A29C7BA6200A91373 /* TextCV.swift */,
				ABB215E122DC472900424B38 /* UpdateStore.swift */,
				ABB215E522DC808A00424B38 /* Settings.swift */,
				ABB215E722DC8ABD00424B38 /* CertificateRow.swift */,
				ABB215DB22DB353800424B38 /* BlurView.swift */,
				F815541629F6159300372AC8 /* LoadingView.swift */,
			);
			path = main;
			sourceTree = "<group>";
		};
/* End PBXGroup section */

/* Begin PBXNativeTarget section */
		ABE07CBA22D74F5700D209BE /* trivai */ = {
			isa = PBXNativeTarget;
			buildConfigurationList = ABE07CCF22D74F5900D209BE /* Build configuration list for PBXNativeTarget "trivai" */;
			buildPhases = (
				C9B8C6DFBE461CCA0E39A7D7 /* [CP] Check Pods Manifest.lock */,
				ABE07CB722D74F5700D209BE /* Sources */,
				ABE07CB822D74F5700D209BE /* Frameworks */,
				ABE07CB922D74F5700D209BE /* Resources */,
				BA26E233AB06681479845EB1 /* [CP] Embed Pods Frameworks */,
				F14BF9D129EAF6010043808B /* Embed Frameworks */,
			);
			buildRules = (
			);
			dependencies = (
			);
			name = trivai;
			productName = trivai;
			productReference = ABE07CBB22D74F5700D209BE /* TrivAI.app */;
			productType = "com.apple.product-type.application";
		};
/* End PBXNativeTarget section */

/* Begin PBXProject section */
		ABE07CB322D74F5700D209BE /* Project object */ = {
			isa = PBXProject;
			attributes = {
				LastSwiftUpdateCheck = 1100;
				LastUpgradeCheck = 1100;
				ORGANIZATIONNAME = Mithun;
				TargetAttributes = {
					ABE07CBA22D74F5700D209BE = {
						CreatedOnToolsVersion = 11.0;
					};
				};
			};
			buildConfigurationList = ABE07CB622D74F5700D209BE /* Build configuration list for PBXProject "trivai" */;
			compatibilityVersion = "Xcode 9.3";
			developmentRegion = en;
			hasScannedForEncodings = 0;
			knownRegions = (
				en,
				Base,
			);
			mainGroup = ABE07CB222D74F5700D209BE;
			productRefGroup = ABE07CBC22D74F5700D209BE /* Products */;
			projectDirPath = "";
			projectRoot = "";
			targets = (
				ABE07CBA22D74F5700D209BE /* trivai */,
			);
		};
/* End PBXProject section */

/* Begin PBXResourcesBuildPhase section */
		ABE07CB922D74F5700D209BE /* Resources */ = {
			isa = PBXResourcesBuildPhase;
			buildActionMask = 2147483647;
			files = (
				ABE07CC822D74F5900D209BE /* Preview Assets.xcassets in Resources */,
				F86FD28629B40D2F00C95660 /* Assets.xcassets in Resources */,
				ABE07CC522D74F5900D209BE /* Assets.xcassets in Resources */,
			);
			runOnlyForDeploymentPostprocessing = 0;
		};
/* End PBXResourcesBuildPhase section */

/* Begin PBXShellScriptBuildPhase section */
		BA26E233AB06681479845EB1 /* [CP] Embed Pods Frameworks */ = {
			isa = PBXShellScriptBuildPhase;
			buildActionMask = 2147483647;
			files = (
			);
			inputFileListPaths = (
				"${PODS_ROOT}/Target Support Files/Pods-trivai/Pods-trivai-frameworks-${CONFIGURATION}-input-files.xcfilelist",
			);
			name = "[CP] Embed Pods Frameworks";
			outputFileListPaths = (
				"${PODS_ROOT}/Target Support Files/Pods-trivai/Pods-trivai-frameworks-${CONFIGURATION}-output-files.xcfilelist",
			);
			runOnlyForDeploymentPostprocessing = 0;
			shellPath = /bin/sh;
			shellScript = "\"${PODS_ROOT}/Target Support Files/Pods-trivai/Pods-trivai-frameworks.sh\"\n";
			showEnvVarsInLog = 0;
		};
		C9B8C6DFBE461CCA0E39A7D7 /* [CP] Check Pods Manifest.lock */ = {
			isa = PBXShellScriptBuildPhase;
			buildActionMask = 2147483647;
			files = (
			);
			inputFileListPaths = (
			);
			inputPaths = (
				"${PODS_PODFILE_DIR_PATH}/Podfile.lock",
				"${PODS_ROOT}/Manifest.lock",
			);
			name = "[CP] Check Pods Manifest.lock";
			outputFileListPaths = (
			);
			outputPaths = (
				"$(DERIVED_FILE_DIR)/Pods-trivai-checkManifestLockResult.txt",
			);
			runOnlyForDeploymentPostprocessing = 0;
			shellPath = /bin/sh;
			shellScript = "diff \"${PODS_PODFILE_DIR_PATH}/Podfile.lock\" \"${PODS_ROOT}/Manifest.lock\" > /dev/null\nif [ $? != 0 ] ; then\n    # print error to STDERR\n    echo \"error: The sandbox is not in sync with the Podfile.lock. Run 'pod install' or update your CocoaPods installation.\" >&2\n    exit 1\nfi\n# This output is used by Xcode 'outputs' to avoid re-running this script phase.\necho \"SUCCESS\" > \"${SCRIPT_OUTPUT_FILE_0}\"\n";
			showEnvVarsInLog = 0;
		};
/* End PBXShellScriptBuildPhase section */

/* Begin PBXSourcesBuildPhase section */
		ABE07CB722D74F5700D209BE /* Sources */ = {
			isa = PBXSourcesBuildPhase;
			buildActionMask = 2147483647;
			files = (
				F86FD27829B405B800C95660 /* CustomButton.swift in Sources */,
				F86FD27A29B405C800C95660 /* ScoreCardView.swift in Sources */,
				ABE07CBF22D74F5700D209BE /* AppDelegate.swift in Sources */,
				89BF731729C7BA2500A91373 /* ScanData.swift in Sources */,
				F815541729F6159300372AC8 /* LoadingView.swift in Sources */,
				F86FD28329B4067200C95660 /* QuestionView.swift in Sources */,
				F86FD27C29B405DC00C95660 /* Info.swift in Sources */,
				BEFF394F29C7B9E30075D833 /* TestQuestion.swift in Sources */,
				BEFF394D29C7B8D60075D833 /* UserModal.swift in Sources */,
				ABB215E222DC472900424B38 /* UpdateStore.swift in Sources */,
				ABB215DE22DB713300424B38 /* UpdateList.swift in Sources */,
				F186426C29D9C1EB00C6BDCA /* UserInfo.swift in Sources */,
				BEFF394B29C7B8B10075D833 /* NetworkTesting.swift in Sources */,
				AB1D3B1C22D9CDEF00D0AEA6 /* HomeList.swift in Sources */,
				F1135B7129C76B0200902784 /* TopicList.swift in Sources */,
				F86FD28129B4064F00C95660 /* CardView.swift in Sources */,
				89BF731929C7BA3C00A91373 /* ScannerView.swift in Sources */,
				ABB215E022DB7F4700424B38 /* UpdateDetail.swift in Sources */,
				BEFF394929C7B87E0075D833 /* NetworkManager.swift in Sources */,
				ABE07CC122D74F5700D209BE /* SceneDelegate.swift in Sources */,
				89BF731B29C7BA6200A91373 /* TextCV.swift in Sources */,
				AB62172722D870540039BC73 /* Home.swift in Sources */,
				ABE07CC322D74F5700D209BE /* ContentView.swift in Sources */,
				F815541929F63E7C00372AC8 /* Question1.swift in Sources */,
				ABB215DC22DB353800424B38 /* BlurView.swift in Sources */,
				ABB215E622DC808A00424B38 /* Settings.swift in Sources */,
				ABB215E822DC8ABD00424B38 /* CertificateRow.swift in Sources */,
				ABB215E422DC7D0000424B38 /* TabBar.swift in Sources */,
			);
			runOnlyForDeploymentPostprocessing = 0;
		};
/* End PBXSourcesBuildPhase section */

/* Begin PBXVariantGroup section */
		ABE07CC922D74F5900D209BE /* LaunchScreen.storyboard */ = {
			isa = PBXVariantGroup;
			children = (
				ABE07CCA22D74F5900D209BE /* Base */,
			);
			name = LaunchScreen.storyboard;
			sourceTree = "<group>";
		};
/* End PBXVariantGroup section */

/* Begin XCBuildConfiguration section */
		ABE07CCD22D74F5900D209BE /* Debug */ = {
			isa = XCBuildConfiguration;
			buildSettings = {
				ALWAYS_SEARCH_USER_PATHS = NO;
				CLANG_ANALYZER_NONNULL = YES;
				CLANG_ANALYZER_NUMBER_OBJECT_CONVERSION = YES_AGGRESSIVE;
				CLANG_CXX_LANGUAGE_STANDARD = "gnu++14";
				CLANG_CXX_LIBRARY = "libc++";
				CLANG_ENABLE_MODULES = YES;
				CLANG_ENABLE_OBJC_ARC = YES;
				CLANG_ENABLE_OBJC_WEAK = YES;
				CLANG_WARN_BLOCK_CAPTURE_AUTORELEASING = YES;
				CLANG_WARN_BOOL_CONVERSION = YES;
				CLANG_WARN_COMMA = YES;
				CLANG_WARN_CONSTANT_CONVERSION = YES;
				CLANG_WARN_DEPRECATED_OBJC_IMPLEMENTATIONS = YES;
				CLANG_WARN_DIRECT_OBJC_ISA_USAGE = YES_ERROR;
				CLANG_WARN_DOCUMENTATION_COMMENTS = YES;
				CLANG_WARN_EMPTY_BODY = YES;
				CLANG_WARN_ENUM_CONVERSION = YES;
				CLANG_WARN_INFINITE_RECURSION = YES;
				CLANG_WARN_INT_CONVERSION = YES;
				CLANG_WARN_NON_LITERAL_NULL_CONVERSION = YES;
				CLANG_WARN_OBJC_IMPLICIT_RETAIN_SELF = YES;
				CLANG_WARN_OBJC_LITERAL_CONVERSION = YES;
				CLANG_WARN_OBJC_ROOT_CLASS = YES_ERROR;
				CLANG_WARN_RANGE_LOOP_ANALYSIS = YES;
				CLANG_WARN_STRICT_PROTOTYPES = YES;
				CLANG_WARN_SUSPICIOUS_MOVE = YES;
				CLANG_WARN_UNGUARDED_AVAILABILITY = YES_AGGRESSIVE;
				CLANG_WARN_UNREACHABLE_CODE = YES;
				CLANG_WARN__DUPLICATE_METHOD_MATCH = YES;
				COPY_PHASE_STRIP = NO;
				DEBUG_INFORMATION_FORMAT = dwarf;
				ENABLE_STRICT_OBJC_MSGSEND = YES;
				ENABLE_TESTABILITY = YES;
				GCC_C_LANGUAGE_STANDARD = gnu11;
				GCC_DYNAMIC_NO_PIC = NO;
				GCC_NO_COMMON_BLOCKS = YES;
				GCC_OPTIMIZATION_LEVEL = 0;
				GCC_PREPROCESSOR_DEFINITIONS = (
					"DEBUG=1",
					"$(inherited)",
				);
				GCC_WARN_64_TO_32_BIT_CONVERSION = YES;
				GCC_WARN_ABOUT_RETURN_TYPE = YES_ERROR;
				GCC_WARN_UNDECLARED_SELECTOR = YES;
				GCC_WARN_UNINITIALIZED_AUTOS = YES_AGGRESSIVE;
				GCC_WARN_UNUSED_FUNCTION = YES;
				GCC_WARN_UNUSED_VARIABLE = YES;
				IPHONEOS_DEPLOYMENT_TARGET = 16.2;
				MTL_ENABLE_DEBUG_INFO = INCLUDE_SOURCE;
				MTL_FAST_MATH = YES;
				ONLY_ACTIVE_ARCH = YES;
				SDKROOT = iphoneos;
				SWIFT_ACTIVE_COMPILATION_CONDITIONS = DEBUG;
				SWIFT_OPTIMIZATION_LEVEL = "-Onone";
			};
			name = Debug;
		};
		ABE07CCE22D74F5900D209BE /* Release */ = {
			isa = XCBuildConfiguration;
			buildSettings = {
				ALWAYS_SEARCH_USER_PATHS = NO;
				CLANG_ANALYZER_NONNULL = YES;
				CLANG_ANALYZER_NUMBER_OBJECT_CONVERSION = YES_AGGRESSIVE;
				CLANG_CXX_LANGUAGE_STANDARD = "gnu++14";
				CLANG_CXX_LIBRARY = "libc++";
				CLANG_ENABLE_MODULES = YES;
				CLANG_ENABLE_OBJC_ARC = YES;
				CLANG_ENABLE_OBJC_WEAK = YES;
				CLANG_WARN_BLOCK_CAPTURE_AUTORELEASING = YES;
				CLANG_WARN_BOOL_CONVERSION = YES;
				CLANG_WARN_COMMA = YES;
				CLANG_WARN_CONSTANT_CONVERSION = YES;
				CLANG_WARN_DEPRECATED_OBJC_IMPLEMENTATIONS = YES;
				CLANG_WARN_DIRECT_OBJC_ISA_USAGE = YES_ERROR;
				CLANG_WARN_DOCUMENTATION_COMMENTS = YES;
				CLANG_WARN_EMPTY_BODY = YES;
				CLANG_WARN_ENUM_CONVERSION = YES;
				CLANG_WARN_INFINITE_RECURSION = YES;
				CLANG_WARN_INT_CONVERSION = YES;
				CLANG_WARN_NON_LITERAL_NULL_CONVERSION = YES;
				CLANG_WARN_OBJC_IMPLICIT_RETAIN_SELF = YES;
				CLANG_WARN_OBJC_LITERAL_CONVERSION = YES;
				CLANG_WARN_OBJC_ROOT_CLASS = YES_ERROR;
				CLANG_WARN_RANGE_LOOP_ANALYSIS = YES;
				CLANG_WARN_STRICT_PROTOTYPES = YES;
				CLANG_WARN_SUSPICIOUS_MOVE = YES;
				CLANG_WARN_UNGUARDED_AVAILABILITY = YES_AGGRESSIVE;
				CLANG_WARN_UNREACHABLE_CODE = YES;
				CLANG_WARN__DUPLICATE_METHOD_MATCH = YES;
				COPY_PHASE_STRIP = NO;
				DEBUG_INFORMATION_FORMAT = "dwarf-with-dsym";
				ENABLE_NS_ASSERTIONS = NO;
				ENABLE_STRICT_OBJC_MSGSEND = YES;
				GCC_C_LANGUAGE_STANDARD = gnu11;
				GCC_NO_COMMON_BLOCKS = YES;
				GCC_WARN_64_TO_32_BIT_CONVERSION = YES;
				GCC_WARN_ABOUT_RETURN_TYPE = YES_ERROR;
				GCC_WARN_UNDECLARED_SELECTOR = YES;
				GCC_WARN_UNINITIALIZED_AUTOS = YES_AGGRESSIVE;
				GCC_WARN_UNUSED_FUNCTION = YES;
				GCC_WARN_UNUSED_VARIABLE = YES;
				IPHONEOS_DEPLOYMENT_TARGET = 16.2;
				MTL_ENABLE_DEBUG_INFO = NO;
				MTL_FAST_MATH = YES;
				SDKROOT = iphoneos;
				SWIFT_COMPILATION_MODE = wholemodule;
				SWIFT_OPTIMIZATION_LEVEL = "-O";
				VALIDATE_PRODUCT = YES;
			};
			name = Release;
		};
		ABE07CD022D74F5900D209BE /* Debug */ = {
			isa = XCBuildConfiguration;
			baseConfigurationReference = C19E717C64A04EA422DA5784 /* Pods-trivai.debug.xcconfig */;
			buildSettings = {
				ASSETCATALOG_COMPILER_APPICON_NAME = AppIcon;
				ASSETCATALOG_COMPILER_INCLUDE_ALL_APPICON_ASSETS = YES;
				ASSETCATALOG_COMPILER_LAUNCHIMAGE_NAME = "";
				CODE_SIGN_IDENTITY = "Apple Development";
				CODE_SIGN_STYLE = Automatic;
				DEVELOPMENT_ASSET_PATHS = "trivai/Preview\\ Content";
				DEVELOPMENT_TEAM = 938P9VEDRD;
				ENABLE_PREVIEWS = YES;
				INFOPLIST_FILE = trivai/Info.plist;
				INFOPLIST_KEY_CFBundleDisplayName = TrivAI;
				INFOPLIST_KEY_LSApplicationCategoryType = "public.app-category.education";
				IPHONEOS_DEPLOYMENT_TARGET = 16.1;
				LD_RUNPATH_SEARCH_PATHS = (
					"$(inherited)",
					"@executable_path/Frameworks",
				);
				MARKETING_VERSION = 1.2;
				PRODUCT_BUNDLE_IDENTIFIER = com.masonbulling;
				PRODUCT_MODULE_NAME = trivai;
				PRODUCT_NAME = TrivAI;
				PROVISIONING_PROFILE_SPECIFIER = "";
				SUPPORTED_PLATFORMS = "iphoneos iphonesimulator";
				SUPPORTS_MACCATALYST = NO;
				SUPPORTS_MAC_DESIGNED_FOR_IPHONE_IPAD = YES;
				SWIFT_VERSION = 5.0;
				TARGETED_DEVICE_FAMILY = 1;
			};
			name = Debug;
		};
		ABE07CD122D74F5900D209BE /* Release */ = {
			isa = XCBuildConfiguration;
			baseConfigurationReference = 0CB402B2C9F34AD6FDF6BEBC /* Pods-trivai.release.xcconfig */;
			buildSettings = {
				ASSETCATALOG_COMPILER_APPICON_NAME = AppIcon;
				ASSETCATALOG_COMPILER_INCLUDE_ALL_APPICON_ASSETS = YES;
				ASSETCATALOG_COMPILER_LAUNCHIMAGE_NAME = "";
				CODE_SIGN_IDENTITY = "Apple Development";
				CODE_SIGN_STYLE = Automatic;
				DEVELOPMENT_ASSET_PATHS = "trivai/Preview\\ Content";
				DEVELOPMENT_TEAM = 938P9VEDRD;
				ENABLE_PREVIEWS = YES;
				INFOPLIST_FILE = trivai/Info.plist;
				INFOPLIST_KEY_CFBundleDisplayName = TrivAI;
				INFOPLIST_KEY_LSApplicationCategoryType = "public.app-category.education";
				IPHONEOS_DEPLOYMENT_TARGET = 16.1;
				LD_RUNPATH_SEARCH_PATHS = (
					"$(inherited)",
					"@executable_path/Frameworks",
				);
				MARKETING_VERSION = 1.2;
				PRODUCT_BUNDLE_IDENTIFIER = com.masonbulling;
				PRODUCT_MODULE_NAME = trivai;
				PRODUCT_NAME = TrivAI;
				PROVISIONING_PROFILE_SPECIFIER = "";
				SUPPORTED_PLATFORMS = "iphoneos iphonesimulator";
				SUPPORTS_MACCATALYST = NO;
				SUPPORTS_MAC_DESIGNED_FOR_IPHONE_IPAD = YES;
				SWIFT_VERSION = 5.0;
				TARGETED_DEVICE_FAMILY = 1;
			};
			name = Release;
		};
/* End XCBuildConfiguration section */

/* Begin XCConfigurationList section */
		ABE07CB622D74F5700D209BE /* Build configuration list for PBXProject "trivai" */ = {
			isa = XCConfigurationList;
			buildConfigurations = (
				ABE07CCD22D74F5900D209BE /* Debug */,
				ABE07CCE22D74F5900D209BE /* Release */,
			);
			defaultConfigurationIsVisible = 0;
			defaultConfigurationName = Release;
		};
		ABE07CCF22D74F5900D209BE /* Build configuration list for PBXNativeTarget "trivai" */ = {
			isa = XCConfigurationList;
			buildConfigurations = (
				ABE07CD022D74F5900D209BE /* Debug */,
				ABE07CD122D74F5900D209BE /* Release */,
			);
			defaultConfigurationIsVisible = 0;
			defaultConfigurationName = Release;
		};
/* End XCConfigurationList section */
	};
	rootObject = ABE07CB322D74F5700D209BE /* Project object */;
}
